// !$*UTF8*$!
{
	archiveVersion = 1;
	classes = {
	};
	objectVersion = 50;
	objects = {

/* Begin PBXBuildFile section */
		BA3F5DD525B2EBFA0091A55E /* OrderTableViewController.swift in Sources */ = {isa = PBXBuildFile; fileRef = BA3F5DD425B2EBFA0091A55E /* OrderTableViewController.swift */; };
		BA3F5DD725B2ECE20091A55E /* AddOrderViewController.swift in Sources */ = {isa = PBXBuildFile; fileRef = BA3F5DD625B2ECE20091A55E /* AddOrderViewController.swift */; };
		BA4A467C25B1F8B8004EBA94 /* AppDelegate.swift in Sources */ = {isa = PBXBuildFile; fileRef = BA4A467B25B1F8B8004EBA94 /* AppDelegate.swift */; };
		BA4A468125B1F8B8004EBA94 /* Main.storyboard in Resources */ = {isa = PBXBuildFile; fileRef = BA4A467F25B1F8B8004EBA94 /* Main.storyboard */; };
		BA4A468325B1F8BA004EBA94 /* Assets.xcassets in Resources */ = {isa = PBXBuildFile; fileRef = BA4A468225B1F8BA004EBA94 /* Assets.xcassets */; };
		BA4A468625B1F8BA004EBA94 /* LaunchScreen.storyboard in Resources */ = {isa = PBXBuildFile; fileRef = BA4A468425B1F8BA004EBA94 /* LaunchScreen.storyboard */; };
		BA4A469125B1F8BA004EBA94 /* HotCoffeTests.swift in Sources */ = {isa = PBXBuildFile; fileRef = BA4A469025B1F8BA004EBA94 /* HotCoffeTests.swift */; };
		BA4A469C25B1F8BB004EBA94 /* HotCoffeUITests.swift in Sources */ = {isa = PBXBuildFile; fileRef = BA4A469B25B1F8BB004EBA94 /* HotCoffeUITests.swift */; };
		BAEF2EB525B35861000CA3E2 /* Webservice.swift in Sources */ = {isa = PBXBuildFile; fileRef = BAEF2EB425B35861000CA3E2 /* Webservice.swift */; };
		BAEF2EB825B35D39000CA3E2 /* Order.swift in Sources */ = {isa = PBXBuildFile; fileRef = BAEF2EB725B35D39000CA3E2 /* Order.swift */; };
		BAEF2EBB25B36823000CA3E2 /* OrderViewModel.swift in Sources */ = {isa = PBXBuildFile; fileRef = BAEF2EBA25B36823000CA3E2 /* OrderViewModel.swift */; };
		BAEF2EBD25B39403000CA3E2 /* AddCoffeeOrderViewModel.swift in Sources */ = {isa = PBXBuildFile; fileRef = BAEF2EBC25B39403000CA3E2 /* AddCoffeeOrderViewModel.swift */; };
/* End PBXBuildFile section */

/* Begin PBXContainerItemProxy section */
		BA4A468D25B1F8BA004EBA94 /* PBXContainerItemProxy */ = {
			isa = PBXContainerItemProxy;
			containerPortal = BA4A467025B1F8B8004EBA94 /* Project object */;
			proxyType = 1;
			remoteGlobalIDString = BA4A467725B1F8B8004EBA94;
			remoteInfo = HotCoffe;
		};
		BA4A469825B1F8BB004EBA94 /* PBXContainerItemProxy */ = {
			isa = PBXContainerItemProxy;
			containerPortal = BA4A467025B1F8B8004EBA94 /* Project object */;
			proxyType = 1;
			remoteGlobalIDString = BA4A467725B1F8B8004EBA94;
			remoteInfo = HotCoffe;
		};
/* End PBXContainerItemProxy section */

/* Begin PBXFileReference section */
		BA3F5DD425B2EBFA0091A55E /* OrderTableViewController.swift */ = {isa = PBXFileReference; lastKnownFileType = sourcecode.swift; path = OrderTableViewController.swift; sourceTree = "<group>"; };
		BA3F5DD625B2ECE20091A55E /* AddOrderViewController.swift */ = {isa = PBXFileReference; lastKnownFileType = sourcecode.swift; path = AddOrderViewController.swift; sourceTree = "<group>"; };
		BA4A467825B1F8B8004EBA94 /* HotCoffe.app */ = {isa = PBXFileReference; explicitFileType = wrapper.application; includeInIndex = 0; path = HotCoffe.app; sourceTree = BUILT_PRODUCTS_DIR; };
		BA4A467B25B1F8B8004EBA94 /* AppDelegate.swift */ = {isa = PBXFileReference; lastKnownFileType = sourcecode.swift; path = AppDelegate.swift; sourceTree = "<group>"; };
		BA4A468025B1F8B8004EBA94 /* Base */ = {isa = PBXFileReference; lastKnownFileType = file.storyboard; name = Base; path = Base.lproj/Main.storyboard; sourceTree = "<group>"; };
		BA4A468225B1F8BA004EBA94 /* Assets.xcassets */ = {isa = PBXFileReference; lastKnownFileType = folder.assetcatalog; path = Assets.xcassets; sourceTree = "<group>"; };
		BA4A468525B1F8BA004EBA94 /* Base */ = {isa = PBXFileReference; lastKnownFileType = file.storyboard; name = Base; path = Base.lproj/LaunchScreen.storyboard; sourceTree = "<group>"; };
		BA4A468725B1F8BA004EBA94 /* Info.plist */ = {isa = PBXFileReference; lastKnownFileType = text.plist.xml; path = Info.plist; sourceTree = "<group>"; };
		BA4A468C25B1F8BA004EBA94 /* HotCoffeTests.xctest */ = {isa = PBXFileReference; explicitFileType = wrapper.cfbundle; includeInIndex = 0; path = HotCoffeTests.xctest; sourceTree = BUILT_PRODUCTS_DIR; };
		BA4A469025B1F8BA004EBA94 /* HotCoffeTests.swift */ = {isa = PBXFileReference; lastKnownFileType = sourcecode.swift; path = HotCoffeTests.swift; sourceTree = "<group>"; };
		BA4A469225B1F8BA004EBA94 /* Info.plist */ = {isa = PBXFileReference; lastKnownFileType = text.plist.xml; path = Info.plist; sourceTree = "<group>"; };
		BA4A469725B1F8BB004EBA94 /* HotCoffeUITests.xctest */ = {isa = PBXFileReference; explicitFileType = wrapper.cfbundle; includeInIndex = 0; path = HotCoffeUITests.xctest; sourceTree = BUILT_PRODUCTS_DIR; };
		BA4A469B25B1F8BB004EBA94 /* HotCoffeUITests.swift */ = {isa = PBXFileReference; lastKnownFileType = sourcecode.swift; path = HotCoffeUITests.swift; sourceTree = "<group>"; };
		BA4A469D25B1F8BB004EBA94 /* Info.plist */ = {isa = PBXFileReference; lastKnownFileType = text.plist.xml; path = Info.plist; sourceTree = "<group>"; };
		BAEF2EB425B35861000CA3E2 /* Webservice.swift */ = {isa = PBXFileReference; lastKnownFileType = sourcecode.swift; path = Webservice.swift; sourceTree = "<group>"; };
		BAEF2EB725B35D39000CA3E2 /* Order.swift */ = {isa = PBXFileReference; lastKnownFileType = sourcecode.swift; path = Order.swift; sourceTree = "<group>"; };
		BAEF2EBA25B36823000CA3E2 /* OrderViewModel.swift */ = {isa = PBXFileReference; lastKnownFileType = sourcecode.swift; path = OrderViewModel.swift; sourceTree = "<group>"; };
		BAEF2EBC25B39403000CA3E2 /* AddCoffeeOrderViewModel.swift */ = {isa = PBXFileReference; lastKnownFileType = sourcecode.swift; path = AddCoffeeOrderViewModel.swift; sourceTree = "<group>"; };
/* End PBXFileReference section */

/* Begin PBXFrameworksBuildPhase section */
		BA4A467525B1F8B8004EBA94 /* Frameworks */ = {
			isa = PBXFrameworksBuildPhase;
			buildActionMask = 2147483647;
			files = (
			);
			runOnlyForDeploymentPostprocessing = 0;
		};
		BA4A468925B1F8BA004EBA94 /* Frameworks */ = {
			isa = PBXFrameworksBuildPhase;
			buildActionMask = 2147483647;
			files = (
			);
			runOnlyForDeploymentPostprocessing = 0;
		};
		BA4A469425B1F8BB004EBA94 /* Frameworks */ = {
			isa = PBXFrameworksBuildPhase;
			buildActionMask = 2147483647;
			files = (
			);
			runOnlyForDeploymentPostprocessing = 0;
		};
/* End PBXFrameworksBuildPhase section */

/* Begin PBXGroup section */
		BA4A466F25B1F8B8004EBA94 = {
			isa = PBXGroup;
			children = (
				BA4A467A25B1F8B8004EBA94 /* HotCoffe */,
				BA4A468F25B1F8BA004EBA94 /* HotCoffeTests */,
				BA4A469A25B1F8BB004EBA94 /* HotCoffeUITests */,
				BA4A467925B1F8B8004EBA94 /* Products */,
			);
			sourceTree = "<group>";
		};
		BA4A467925B1F8B8004EBA94 /* Products */ = {
			isa = PBXGroup;
			children = (
				BA4A467825B1F8B8004EBA94 /* HotCoffe.app */,
				BA4A468C25B1F8BA004EBA94 /* HotCoffeTests.xctest */,
				BA4A469725B1F8BB004EBA94 /* HotCoffeUITests.xctest */,
			);
			name = Products;
			sourceTree = "<group>";
		};
		BA4A467A25B1F8B8004EBA94 /* HotCoffe */ = {
			isa = PBXGroup;
			children = (
				BAEF2EB925B367F8000CA3E2 /* View Models */,
				BAEF2EB625B35D24000CA3E2 /* Models */,
				BAEF2EB325B3581B000CA3E2 /* Services */,
				BA4A46A925B1F8E2004EBA94 /* Controllers */,
				BA4A467B25B1F8B8004EBA94 /* AppDelegate.swift */,
				BA4A467F25B1F8B8004EBA94 /* Main.storyboard */,
				BA4A468225B1F8BA004EBA94 /* Assets.xcassets */,
				BA4A468425B1F8BA004EBA94 /* LaunchScreen.storyboard */,
				BA4A468725B1F8BA004EBA94 /* Info.plist */,
			);
			path = HotCoffe;
			sourceTree = "<group>";
		};
		BA4A468F25B1F8BA004EBA94 /* HotCoffeTests */ = {
			isa = PBXGroup;
			children = (
				BA4A469025B1F8BA004EBA94 /* HotCoffeTests.swift */,
				BA4A469225B1F8BA004EBA94 /* Info.plist */,
			);
			path = HotCoffeTests;
			sourceTree = "<group>";
		};
		BA4A469A25B1F8BB004EBA94 /* HotCoffeUITests */ = {
			isa = PBXGroup;
			children = (
				BA4A469B25B1F8BB004EBA94 /* HotCoffeUITests.swift */,
				BA4A469D25B1F8BB004EBA94 /* Info.plist */,
			);
			path = HotCoffeUITests;
			sourceTree = "<group>";
		};
		BA4A46A925B1F8E2004EBA94 /* Controllers */ = {
			isa = PBXGroup;
			children = (
				BA3F5DD425B2EBFA0091A55E /* OrderTableViewController.swift */,
				BA3F5DD625B2ECE20091A55E /* AddOrderViewController.swift */,
			);
			path = Controllers;
			sourceTree = "<group>";
		};
		BAEF2EB325B3581B000CA3E2 /* Services */ = {
			isa = PBXGroup;
			children = (
				BAEF2EB425B35861000CA3E2 /* Webservice.swift */,
			);
			path = Services;
			sourceTree = "<group>";
		};
		BAEF2EB625B35D24000CA3E2 /* Models */ = {
			isa = PBXGroup;
			children = (
				BAEF2EB725B35D39000CA3E2 /* Order.swift */,
			);
			path = Models;
			sourceTree = "<group>";
		};
		BAEF2EB925B367F8000CA3E2 /* View Models */ = {
			isa = PBXGroup;
			children = (
				BAEF2EBA25B36823000CA3E2 /* OrderViewModel.swift */,
				BAEF2EBC25B39403000CA3E2 /* AddCoffeeOrderViewModel.swift */,
			);
			path = "View Models";
			sourceTree = "<group>";
		};
/* End PBXGroup section */

/* Begin PBXNativeTarget section */
		BA4A467725B1F8B8004EBA94 /* HotCoffe */ = {
			isa = PBXNativeTarget;
			buildConfigurationList = BA4A46A025B1F8BB004EBA94 /* Build configuration list for PBXNativeTarget "HotCoffe" */;
			buildPhases = (
				BA4A467425B1F8B8004EBA94 /* Sources */,
				BA4A467525B1F8B8004EBA94 /* Frameworks */,
				BA4A467625B1F8B8004EBA94 /* Resources */,
			);
			buildRules = (
			);
			dependencies = (
			);
			name = HotCoffe;
			productName = HotCoffe;
			productReference = BA4A467825B1F8B8004EBA94 /* HotCoffe.app */;
			productType = "com.apple.product-type.application";
		};
		BA4A468B25B1F8BA004EBA94 /* HotCoffeTests */ = {
			isa = PBXNativeTarget;
			buildConfigurationList = BA4A46A325B1F8BB004EBA94 /* Build configuration list for PBXNativeTarget "HotCoffeTests" */;
			buildPhases = (
				BA4A468825B1F8BA004EBA94 /* Sources */,
				BA4A468925B1F8BA004EBA94 /* Frameworks */,
				BA4A468A25B1F8BA004EBA94 /* Resources */,
			);
			buildRules = (
			);
			dependencies = (
				BA4A468E25B1F8BA004EBA94 /* PBXTargetDependency */,
			);
			name = HotCoffeTests;
			productName = HotCoffeTests;
			productReference = BA4A468C25B1F8BA004EBA94 /* HotCoffeTests.xctest */;
			productType = "com.apple.product-type.bundle.unit-test";
		};
		BA4A469625B1F8BB004EBA94 /* HotCoffeUITests */ = {
			isa = PBXNativeTarget;
			buildConfigurationList = BA4A46A625B1F8BB004EBA94 /* Build configuration list for PBXNativeTarget "HotCoffeUITests" */;
			buildPhases = (
				BA4A469325B1F8BB004EBA94 /* Sources */,
				BA4A469425B1F8BB004EBA94 /* Frameworks */,
				BA4A469525B1F8BB004EBA94 /* Resources */,
			);
			buildRules = (
			);
			dependencies = (
				BA4A469925B1F8BB004EBA94 /* PBXTargetDependency */,
			);
			name = HotCoffeUITests;
			productName = HotCoffeUITests;
			productReference = BA4A469725B1F8BB004EBA94 /* HotCoffeUITests.xctest */;
			productType = "com.apple.product-type.bundle.ui-testing";
		};
/* End PBXNativeTarget section */

/* Begin PBXProject section */
		BA4A467025B1F8B8004EBA94 /* Project object */ = {
			isa = PBXProject;
			attributes = {
				LastSwiftUpdateCheck = 1030;
				LastUpgradeCheck = 1030;
				ORGANIZATIONNAME = "Nayan joshi";
				TargetAttributes = {
					BA4A467725B1F8B8004EBA94 = {
						CreatedOnToolsVersion = 10.3;
					};
					BA4A468B25B1F8BA004EBA94 = {
						CreatedOnToolsVersion = 10.3;
						TestTargetID = BA4A467725B1F8B8004EBA94;
					};
					BA4A469625B1F8BB004EBA94 = {
						CreatedOnToolsVersion = 10.3;
						TestTargetID = BA4A467725B1F8B8004EBA94;
					};
				};
			};
			buildConfigurationList = BA4A467325B1F8B8004EBA94 /* Build configuration list for PBXProject "HotCoffe" */;
			compatibilityVersion = "Xcode 9.3";
			developmentRegion = en;
			hasScannedForEncodings = 0;
			knownRegions = (
				en,
				Base,
			);
			mainGroup = BA4A466F25B1F8B8004EBA94;
			productRefGroup = BA4A467925B1F8B8004EBA94 /* Products */;
			projectDirPath = "";
			projectRoot = "";
			targets = (
				BA4A467725B1F8B8004EBA94 /* HotCoffe */,
				BA4A468B25B1F8BA004EBA94 /* HotCoffeTests */,
				BA4A469625B1F8BB004EBA94 /* HotCoffeUITests */,
			);
		};
/* End PBXProject section */

/* Begin PBXResourcesBuildPhase section */
		BA4A467625B1F8B8004EBA94 /* Resources */ = {
			isa = PBXResourcesBuildPhase;
			buildActionMask = 2147483647;
			files = (
				BA4A468625B1F8BA004EBA94 /* LaunchScreen.storyboard in Resources */,
				BA4A468325B1F8BA004EBA94 /* Assets.xcassets in Resources */,
				BA4A468125B1F8B8004EBA94 /* Main.storyboard in Resources */,
			);
			runOnlyForDeploymentPostprocessing = 0;
		};
		BA4A468A25B1F8BA004EBA94 /* Resources */ = {
			isa = PBXResourcesBuildPhase;
			buildActionMask = 2147483647;
			files = (
			);
			runOnlyForDeploymentPostprocessing = 0;
		};
		BA4A469525B1F8BB004EBA94 /* Resources */ = {
			isa = PBXResourcesBuildPhase;
			buildActionMask = 2147483647;
			files = (
			);
			runOnlyForDeploymentPostprocessing = 0;
		};
/* End PBXResourcesBuildPhase section */

/* Begin PBXSourcesBuildPhase section */
		BA4A467425B1F8B8004EBA94 /* Sources */ = {
			isa = PBXSourcesBuildPhase;
			buildActionMask = 2147483647;
			files = (
				BA3F5DD525B2EBFA0091A55E /* OrderTableViewController.swift in Sources */,
				BA4A467C25B1F8B8004EBA94 /* AppDelegate.swift in Sources */,
				BAEF2EB825B35D39000CA3E2 /* Order.swift in Sources */,
				BAEF2EBD25B39403000CA3E2 /* AddCoffeeOrderViewModel.swift in Sources */,
				BAEF2EBB25B36823000CA3E2 /* OrderViewModel.swift in Sources */,
				BAEF2EB525B35861000CA3E2 /* Webservice.swift in Sources */,
				BA3F5DD725B2ECE20091A55E /* AddOrderViewController.swift in Sources */,
			);
			runOnlyForDeploymentPostprocessing = 0;
		};
		BA4A468825B1F8BA004EBA94 /* Sources */ = {
			isa = PBXSourcesBuildPhase;
			buildActionMask = 2147483647;
			files = (
				BA4A469125B1F8BA004EBA94 /* HotCoffeTests.swift in Sources */,
			);
			runOnlyForDeploymentPostprocessing = 0;
		};
		BA4A469325B1F8BB004EBA94 /* Sources */ = {
			isa = PBXSourcesBuildPhase;
			buildActionMask = 2147483647;
			files = (
				BA4A469C25B1F8BB004EBA94 /* HotCoffeUITests.swift in Sources */,
			);
			runOnlyForDeploymentPostprocessing = 0;
		};
/* End PBXSourcesBuildPhase section */

/* Begin PBXTargetDependency section */
		BA4A468E25B1F8BA004EBA94 /* PBXTargetDependency */ = {
			isa = PBXTargetDependency;
			target = BA4A467725B1F8B8004EBA94 /* HotCoffe */;
			targetProxy = BA4A468D25B1F8BA004EBA94 /* PBXContainerItemProxy */;
		};
		BA4A469925B1F8BB004EBA94 /* PBXTargetDependency */ = {
			isa = PBXTargetDependency;
			target = BA4A467725B1F8B8004EBA94 /* HotCoffe */;
			targetProxy = BA4A469825B1F8BB004EBA94 /* PBXContainerItemProxy */;
		};
/* End PBXTargetDependency section */

/* Begin PBXVariantGroup section */
		BA4A467F25B1F8B8004EBA94 /* Main.storyboard */ = {
			isa = PBXVariantGroup;
			children = (
				BA4A468025B1F8B8004EBA94 /* Base */,
			);
			name = Main.storyboard;
			sourceTree = "<group>";
		};
		BA4A468425B1F8BA004EBA94 /* LaunchScreen.storyboard */ = {
			isa = PBXVariantGroup;
			children = (
				BA4A468525B1F8BA004EBA94 /* Base */,
			);
			name = LaunchScreen.storyboard;
			sourceTree = "<group>";
		};
/* End PBXVariantGroup section */

/* Begin XCBuildConfiguration section */
		BA4A469E25B1F8BB004EBA94 /* Debug */ = {
			isa = XCBuildConfiguration;
			buildSettings = {
				ALWAYS_SEARCH_USER_PATHS = NO;
				CLANG_ANALYZER_NONNULL = YES;
				CLANG_ANALYZER_NUMBER_OBJECT_CONVERSION = YES_AGGRESSIVE;
				CLANG_CXX_LANGUAGE_STANDARD = "gnu++14";
				CLANG_CXX_LIBRARY = "libc++";
				CLANG_ENABLE_MODULES = YES;
				CLANG_ENABLE_OBJC_ARC = YES;
				CLANG_ENABLE_OBJC_WEAK = YES;
				CLANG_WARN_BLOCK_CAPTURE_AUTORELEASING = YES;
				CLANG_WARN_BOOL_CONVERSION = YES;
				CLANG_WARN_COMMA = YES;
				CLANG_WARN_CONSTANT_CONVERSION = YES;
				CLANG_WARN_DEPRECATED_OBJC_IMPLEMENTATIONS = YES;
				CLANG_WARN_DIRECT_OBJC_ISA_USAGE = YES_ERROR;
				CLANG_WARN_DOCUMENTATION_COMMENTS = YES;
				CLANG_WARN_EMPTY_BODY = YES;
				CLANG_WARN_ENUM_CONVERSION = YES;
				CLANG_WARN_INFINITE_RECURSION = YES;
				CLANG_WARN_INT_CONVERSION = YES;
				CLANG_WARN_NON_LITERAL_NULL_CONVERSION = YES;
				CLANG_WARN_OBJC_IMPLICIT_RETAIN_SELF = YES;
				CLANG_WARN_OBJC_LITERAL_CONVERSION = YES;
				CLANG_WARN_OBJC_ROOT_CLASS = YES_ERROR;
				CLANG_WARN_RANGE_LOOP_ANALYSIS = YES;
				CLANG_WARN_STRICT_PROTOTYPES = YES;
				CLANG_WARN_SUSPICIOUS_MOVE = YES;
				CLANG_WARN_UNGUARDED_AVAILABILITY = YES_AGGRESSIVE;
				CLANG_WARN_UNREACHABLE_CODE = YES;
				CLANG_WARN__DUPLICATE_METHOD_MATCH = YES;
				CODE_SIGN_IDENTITY = "iPhone Developer";
				COPY_PHASE_STRIP = NO;
				DEBUG_INFORMATION_FORMAT = dwarf;
				ENABLE_STRICT_OBJC_MSGSEND = YES;
				ENABLE_TESTABILITY = YES;
				GCC_C_LANGUAGE_STANDARD = gnu11;
				GCC_DYNAMIC_NO_PIC = NO;
				GCC_NO_COMMON_BLOCKS = YES;
				GCC_OPTIMIZATION_LEVEL = 0;
				GCC_PREPROCESSOR_DEFINITIONS = (
					"DEBUG=1",
					"$(inherited)",
				);
				GCC_WARN_64_TO_32_BIT_CONVERSION = YES;
				GCC_WARN_ABOUT_RETURN_TYPE = YES_ERROR;
				GCC_WARN_UNDECLARED_SELECTOR = YES;
				GCC_WARN_UNINITIALIZED_AUTOS = YES_AGGRESSIVE;
				GCC_WARN_UNUSED_FUNCTION = YES;
				GCC_WARN_UNUSED_VARIABLE = YES;
				IPHONEOS_DEPLOYMENT_TARGET = 12.4;
				MTL_ENABLE_DEBUG_INFO = INCLUDE_SOURCE;
				MTL_FAST_MATH = YES;
				ONLY_ACTIVE_ARCH = YES;
				SDKROOT = iphoneos;
				SWIFT_ACTIVE_COMPILATION_CONDITIONS = DEBUG;
				SWIFT_OPTIMIZATION_LEVEL = "-Onone";
			};
			name = Debug;
		};
		BA4A469F25B1F8BB004EBA94 /* Release */ = {
			isa = XCBuildConfiguration;
			buildSettings = {
				ALWAYS_SEARCH_USER_PATHS = NO;
				CLANG_ANALYZER_NONNULL = YES;
				CLANG_ANALYZER_NUMBER_OBJECT_CONVERSION = YES_AGGRESSIVE;
				CLANG_CXX_LANGUAGE_STANDARD = "gnu++14";
				CLANG_CXX_LIBRARY = "libc++";
				CLANG_ENABLE_MODULES = YES;
				CLANG_ENABLE_OBJC_ARC = YES;
				CLANG_ENABLE_OBJC_WEAK = YES;
				CLANG_WARN_BLOCK_CAPTURE_AUTORELEASING = YES;
				CLANG_WARN_BOOL_CONVERSION = YES;
				CLANG_WARN_COMMA = YES;
				CLANG_WARN_CONSTANT_CONVERSION = YES;
				CLANG_WARN_DEPRECATED_OBJC_IMPLEMENTATIONS = YES;
				CLANG_WARN_DIRECT_OBJC_ISA_USAGE = YES_ERROR;
				CLANG_WARN_DOCUMENTATION_COMMENTS = YES;
				CLANG_WARN_EMPTY_BODY = YES;
				CLANG_WARN_ENUM_CONVERSION = YES;
				CLANG_WARN_INFINITE_RECURSION = YES;
				CLANG_WARN_INT_CONVERSION = YES;
				CLANG_WARN_NON_LITERAL_NULL_CONVERSION = YES;
				CLANG_WARN_OBJC_IMPLICIT_RETAIN_SELF = YES;
				CLANG_WARN_OBJC_LITERAL_CONVERSION = YES;
				CLANG_WARN_OBJC_ROOT_CLASS = YES_ERROR;
				CLANG_WARN_RANGE_LOOP_ANALYSIS = YES;
				CLANG_WARN_STRICT_PROTOTYPES = YES;
				CLANG_WARN_SUSPICIOUS_MOVE = YES;
				CLANG_WARN_UNGUARDED_AVAILABILITY = YES_AGGRESSIVE;
				CLANG_WARN_UNREACHABLE_CODE = YES;
				CLANG_WARN__DUPLICATE_METHOD_MATCH = YES;
				CODE_SIGN_IDENTITY = "iPhone Developer";
				COPY_PHASE_STRIP = NO;
				DEBUG_INFORMATION_FORMAT = "dwarf-with-dsym";
				ENABLE_NS_ASSERTIONS = NO;
				ENABLE_STRICT_OBJC_MSGSEND = YES;
				GCC_C_LANGUAGE_STANDARD = gnu11;
				GCC_NO_COMMON_BLOCKS = YES;
				GCC_WARN_64_TO_32_BIT_CONVERSION = YES;
				GCC_WARN_ABOUT_RETURN_TYPE = YES_ERROR;
				GCC_WARN_UNDECLARED_SELECTOR = YES;
				GCC_WARN_UNINITIALIZED_AUTOS = YES_AGGRESSIVE;
				GCC_WARN_UNUSED_FUNCTION = YES;
				GCC_WARN_UNUSED_VARIABLE = YES;
				IPHONEOS_DEPLOYMENT_TARGET = 12.4;
				MTL_ENABLE_DEBUG_INFO = NO;
				MTL_FAST_MATH = YES;
				SDKROOT = iphoneos;
				SWIFT_COMPILATION_MODE = wholemodule;
				SWIFT_OPTIMIZATION_LEVEL = "-O";
				VALIDATE_PRODUCT = YES;
			};
			name = Release;
		};
		BA4A46A125B1F8BB004EBA94 /* Debug */ = {
			isa = XCBuildConfiguration;
			buildSettings = {
				ASSETCATALOG_COMPILER_APPICON_NAME = AppIcon;
				CODE_SIGN_STYLE = Automatic;
				INFOPLIST_FILE = HotCoffe/Info.plist;
				LD_RUNPATH_SEARCH_PATHS = (
					"$(inherited)",
					"@executable_path/Frameworks",
				);
				PRODUCT_BUNDLE_IDENTIFIER = "-figure.HotCoffe";
				PRODUCT_NAME = "$(TARGET_NAME)";
				SWIFT_VERSION = 5.0;
				TARGETED_DEVICE_FAMILY = "1,2";
			};
			name = Debug;
		};
		BA4A46A225B1F8BB004EBA94 /* Release */ = {
			isa = XCBuildConfiguration;
			buildSettings = {
				ASSETCATALOG_COMPILER_APPICON_NAME = AppIcon;
				CODE_SIGN_STYLE = Automatic;
				INFOPLIST_FILE = HotCoffe/Info.plist;
				LD_RUNPATH_SEARCH_PATHS = (
					"$(inherited)",
					"@executable_path/Frameworks",
				);
				PRODUCT_BUNDLE_IDENTIFIER = "-figure.HotCoffe";
				PRODUCT_NAME = "$(TARGET_NAME)";
				SWIFT_VERSION = 5.0;
				TARGETED_DEVICE_FAMILY = "1,2";
			};
			name = Release;
		};
		BA4A46A425B1F8BB004EBA94 /* Debug */ = {
			isa = XCBuildConfiguration;
			buildSettings = {
				ALWAYS_EMBED_SWIFT_STANDARD_LIBRARIES = YES;
				BUNDLE_LOADER = "$(TEST_HOST)";
				CODE_SIGN_STYLE = Automatic;
				INFOPLIST_FILE = HotCoffeTests/Info.plist;
				LD_RUNPATH_SEARCH_PATHS = (
					"$(inherited)",
					"@executable_path/Frameworks",
					"@loader_path/Frameworks",
				);
				PRODUCT_BUNDLE_IDENTIFIER = "-figure.HotCoffeTests";
				PRODUCT_NAME = "$(TARGET_NAME)";
				SWIFT_VERSION = 5.0;
				TARGETED_DEVICE_FAMILY = "1,2";
				TEST_HOST = "$(BUILT_PRODUCTS_DIR)/HotCoffe.app/HotCoffe";
			};
			name = Debug;
		};
		BA4A46A525B1F8BB004EBA94 /* Release */ = {
			isa = XCBuildConfiguration;
			buildSettings = {
				ALWAYS_EMBED_SWIFT_STANDARD_LIBRARIES = YES;
				BUNDLE_LOADER = "$(TEST_HOST)";
				CODE_SIGN_STYLE = Automatic;
				INFOPLIST_FILE = HotCoffeTests/Info.plist;
				LD_RUNPATH_SEARCH_PATHS = (
					"$(inherited)",
					"@executable_path/Frameworks",
					"@loader_path/Frameworks",
				);
				PRODUCT_BUNDLE_IDENTIFIER = "-figure.HotCoffeTests";
				PRODUCT_NAME = "$(TARGET_NAME)";
				SWIFT_VERSION = 5.0;
				TARGETED_DEVICE_FAMILY = "1,2";
				TEST_HOST = "$(BUILT_PRODUCTS_DIR)/HotCoffe.app/HotCoffe";
			};
			name = Release;
		};
		BA4A46A725B1F8BB004EBA94 /* Debug */ = {
			isa = XCBuildConfiguration;
			buildSettings = {
				ALWAYS_EMBED_SWIFT_STANDARD_LIBRARIES = YES;
				CODE_SIGN_STYLE = Automatic;
				INFOPLIST_FILE = HotCoffeUITests/Info.plist;
				LD_RUNPATH_SEARCH_PATHS = (
					"$(inherited)",
					"@executable_path/Frameworks",
					"@loader_path/Frameworks",
				);
				PRODUCT_BUNDLE_IDENTIFIER = "-figure.HotCoffeUITests";
				PRODUCT_NAME = "$(TARGET_NAME)";
				SWIFT_VERSION = 5.0;
				TARGETED_DEVICE_FAMILY = "1,2";
				TEST_TARGET_NAME = HotCoffe;
			};
			name = Debug;
		};
		BA4A46A825B1F8BB004EBA94 /* Release */ = {
			isa = XCBuildConfiguration;
			buildSettings = {
				ALWAYS_EMBED_SWIFT_STANDARD_LIBRARIES = YES;
				CODE_SIGN_STYLE = Automatic;
				INFOPLIST_FILE = HotCoffeUITests/Info.plist;
				LD_RUNPATH_SEARCH_PATHS = (
					"$(inherited)",
					"@executable_path/Frameworks",
					"@loader_path/Frameworks",
				);
				PRODUCT_BUNDLE_IDENTIFIER = "-figure.HotCoffeUITests";
				PRODUCT_NAME = "$(TARGET_NAME)";
				SWIFT_VERSION = 5.0;
				TARGETED_DEVICE_FAMILY = "1,2";
				TEST_TARGET_NAME = HotCoffe;
			};
			name = Release;
		};
/* End XCBuildConfiguration section */

/* Begin XCConfigurationList section */
		BA4A467325B1F8B8004EBA94 /* Build configuration list for PBXProject "HotCoffe" */ = {
			isa = XCConfigurationList;
			buildConfigurations = (
				BA4A469E25B1F8BB004EBA94 /* Debug */,
				BA4A469F25B1F8BB004EBA94 /* Release */,
			);
			defaultConfigurationIsVisible = 0;
			defaultConfigurationName = Release;
		};
		BA4A46A025B1F8BB004EBA94 /* Build configuration list for PBXNativeTarget "HotCoffe" */ = {
			isa = XCConfigurationList;
			buildConfigurations = (
				BA4A46A125B1F8BB004EBA94 /* Debug */,
				BA4A46A225B1F8BB004EBA94 /* Release */,
			);
			defaultConfigurationIsVisible = 0;
			defaultConfigurationName = Release;
		};
		BA4A46A325B1F8BB004EBA94 /* Build configuration list for PBXNativeTarget "HotCoffeTests" */ = {
			isa = XCConfigurationList;
			buildConfigurations = (
				BA4A46A425B1F8BB004EBA94 /* Debug */,
				BA4A46A525B1F8BB004EBA94 /* Release */,
			);
			defaultConfigurationIsVisible = 0;
			defaultConfigurationName = Release;
		};
		BA4A46A625B1F8BB004EBA94 /* Build configuration list for PBXNativeTarget "HotCoffeUITests" */ = {
			isa = XCConfigurationList;
			buildConfigurations = (
				BA4A46A725B1F8BB004EBA94 /* Debug */,
				BA4A46A825B1F8BB004EBA94 /* Release */,
			);
			defaultConfigurationIsVisible = 0;
			defaultConfigurationName = Release;
		};
/* End XCConfigurationList section */
	};
	rootObject = BA4A467025B1F8B8004EBA94 /* Project object */;
}
